{"filter":false,"title":"package-lock.json","tooltip":"/joannatomassoni.github.io/projects/eloquent-javascript/package-lock.json","undoManager":{"mark":-1,"position":-1,"stack":[]},"ace":{"folds":[],"scrolltop":5177.5,"scrollleft":0,"selection":{"start":{"row":60,"column":44},"end":{"row":60,"column":44},"isBackwards":false},"options":{"guessTabSize":true,"useWrapMode":false,"wrapToView":true},"firstLineState":{"row":322,"state":"start","mode":"ace/mode/json"}},"timestamp":1567742087828,"hash":"f1067ad723140b7a0f9bb85da7b791eefc268298"}