{"filter":false,"title":"package-lock.json","tooltip":"/lodown/package-lock.json","undoManager":{"mark":-1,"position":-1,"stack":[]},"ace":{"folds":[],"scrolltop":0,"scrollleft":0,"selection":{"start":{"row":1,"column":11},"end":{"row":1,"column":33},"isBackwards":false},"options":{"guessTabSize":true,"useWrapMode":false,"wrapToView":true},"firstLineState":{"row":13,"state":"start","mode":"ace/mode/json"}},"timestamp":1567743134772,"hash":"564aa3baf4758f90515db3e7e60a23f50f4f9344"}